
Microsoft Visual Studio Solution File, Format Version 12.00
# Visual Studio Version 17
VisualStudioVersion = 17.6.33829.357
MinimumVisualStudioVersion = 10.0.40219.1
Project("{9A19103F-16F7-4668-BE54-9A1E7A4F7556}") = "MusicProject", "MusicProject\MusicProject.csproj", "{6D7DCDE9-BB1D-44CB-8D06-21024DA83818}"
EndProject
Project("{9A19103F-16F7-4668-BE54-9A1E7A4F7556}") = "Data", "Data\Data.csproj", "{15D175B7-FA51-4A7E-89F7-9C48B7A2E128}"
EndProject
Project("{9A19103F-16F7-4668-BE54-9A1E7A4F7556}") = "Entities", "Entities\Entities.csproj", "{B6A42B28-8E80-4EAF-8921-D972A752830A}"
EndProject
Project("{FAE04EC0-301F-11D3-BF4B-00C04F79EFBC}") = "TestProject1", "TestProject1\TestProject1.csproj", "{95AE12B8-FFB3-4FDC-9254-FC048C48609C}"
EndProject
Global
	GlobalSection(SolutionConfigurationPlatforms) = preSolution
		Debug|Any CPU = Debug|Any CPU
		Release|Any CPU = Release|Any CPU
	EndGlobalSection
	GlobalSection(ProjectConfigurationPlatforms) = postSolution
		{6D7DCDE9-BB1D-44CB-8D06-21024DA83818}.Debug|Any CPU.ActiveCfg = Debug|Any CPU
		{6D7DCDE9-BB1D-44CB-8D06-21024DA83818}.Debug|Any CPU.Build.0 = Debug|Any CPU
		{6D7DCDE9-BB1D-44CB-8D06-21024DA83818}.Release|Any CPU.ActiveCfg = Release|Any CPU
		{6D7DCDE9-BB1D-44CB-8D06-21024DA83818}.Release|Any CPU.Build.0 = Release|Any CPU
		{15D175B7-FA51-4A7E-89F7-9C48B7A2E128}.Debug|Any CPU.ActiveCfg = Debug|Any CPU
		{15D175B7-FA51-4A7E-89F7-9C48B7A2E128}.Debug|Any CPU.Build.0 = Debug|Any CPU
		{15D175B7-FA51-4A7E-89F7-9C48B7A2E128}.Release|Any CPU.ActiveCfg = Release|Any CPU
		{15D175B7-FA51-4A7E-89F7-9C48B7A2E128}.Release|Any CPU.Build.0 = Release|Any CPU
		{B6A42B28-8E80-4EAF-8921-D972A752830A}.Debug|Any CPU.ActiveCfg = Debug|Any CPU
		{B6A42B28-8E80-4EAF-8921-D972A752830A}.Debug|Any CPU.Build.0 = Debug|Any CPU
		{B6A42B28-8E80-4EAF-8921-D972A752830A}.Release|Any CPU.ActiveCfg = Release|Any CPU
		{B6A42B28-8E80-4EAF-8921-D972A752830A}.Release|Any CPU.Build.0 = Release|Any CPU
		{95AE12B8-FFB3-4FDC-9254-FC048C48609C}.Debug|Any CPU.ActiveCfg = Debug|Any CPU
		{95AE12B8-FFB3-4FDC-9254-FC048C48609C}.Debug|Any CPU.Build.0 = Debug|Any CPU
		{95AE12B8-FFB3-4FDC-9254-FC048C48609C}.Release|Any CPU.ActiveCfg = Release|Any CPU
		{95AE12B8-FFB3-4FDC-9254-FC048C48609C}.Release|Any CPU.Build.0 = Release|Any CPU
	EndGlobalSection
	GlobalSection(SolutionProperties) = preSolution
		HideSolutionNode = FALSE
	EndGlobalSection
	GlobalSection(ExtensibilityGlobals) = postSolution
		SolutionGuid = {DA0BE049-C808-4DCE-BD4E-7F888EB75C2F}
	EndGlobalSection
EndGlobal
